
Microsoft Visual Studio Solution File, Format Version 12.00
# Visual Studio Version 17
VisualStudioVersion = 17.7.33927.210
MinimumVisualStudioVersion = 10.0.40219.1
Project("{FAE04EC0-301F-11D3-BF4B-00C04F79EFBC}") = "FirstLesson_04-02-2024", "FirstLesson_04-02-2024\FirstLesson_04-02-2024.csproj", "{BCBDAB03-B31E-404F-A035-189C8203120A}"
EndProject
Global
	GlobalSection(SolutionConfigurationPlatforms) = preSolution
		Debug|Any CPU = Debug|Any CPU
		Release|Any CPU = Release|Any CPU
	EndGlobalSection
	GlobalSection(ProjectConfigurationPlatforms) = postSolution
		{BCBDAB03-B31E-404F-A035-189C8203120A}.Debug|Any CPU.ActiveCfg = Debug|Any CPU
		{BCBDAB03-B31E-404F-A035-189C8203120A}.Debug|Any CPU.Build.0 = Debug|Any CPU
		{BCBDAB03-B31E-404F-A035-189C8203120A}.Release|Any CPU.ActiveCfg = Release|Any CPU
		{BCBDAB03-B31E-404F-A035-189C8203120A}.Release|Any CPU.Build.0 = Release|Any CPU
	EndGlobalSection
	GlobalSection(SolutionProperties) = preSolution
		HideSolutionNode = FALSE
	EndGlobalSection
	GlobalSection(ExtensibilityGlobals) = postSolution
		SolutionGuid = {B36D9EF4-14ED-4D30-A2B9-4234BEFF8458}
	EndGlobalSection
EndGlobal
